{
  "name": "amplify",
  "lockfileVersion": 3,
  "requires": true,
  "packages": {
    "": {
      "dependencies": {
        "lambda-rate-limiter": "^4.0.2",
        "nodemailer": "^7.0.10"
      }
    },
    "node_modules/lambda-rate-limiter": {
      "version": "4.0.2",
      "resolved": "https://registry.npmjs.org/lambda-rate-limiter/-/lambda-rate-limiter-4.0.2.tgz",
      "integrity": "sha512-2/a40Oe2IjzQ+jbTZvDZLJMiL6cG6pHnYftm/XRzXizDiaX2QEPl/qkrm7o+xvnLELNYtFsqHOe21McBzOPBZw==",
      "license": "MIT",
      "dependencies": {
        "lru-cache-ext": "5.0.1"
      },
      "engines": {
        "node": ">= 20"
      }
    },
    "node_modules/lru-cache": {
      "version": "11.0.2",
      "resolved": "https://registry.npmjs.org/lru-cache/-/lru-cache-11.0.2.tgz",
      "integrity": "sha512-123qHRfJBmo2jXDbo/a5YOQrJoHF/GNQTLzQ5+IdK5pWpceK17yRc6ozlWd25FxvGKQbIUs91fDFkXmDHTKcyA==",
      "license": "ISC",
      "engines": {
        "node": "20 || >=22"
      }
    },
    "node_modules/lru-cache-ext": {
      "version": "5.0.1",
      "resolved": "https://registry.npmjs.org/lru-cache-ext/-/lru-cache-ext-5.0.1.tgz",
      "integrity": "sha512-Y+0s/AGnkJSCpJYHDRoByirI5CmuSc8O3nqhHOb7d27plwibYwp6Wj4qlDvpFK/mVRNdvtBu27igUVbKKBfULQ==",
      "license": "MIT",
      "dependencies": {
        "lru-cache": "11.0.2"
      },
      "engines": {
        "node": ">= 20"
      }
    },
    "node_modules/nodemailer": {
      "version": "7.0.10",
      "resolved": "https://registry.npmjs.org/nodemailer/-/nodemailer-7.0.10.tgz",
      "integrity": "sha512-Us/Se1WtT0ylXgNFfyFSx4LElllVLJXQjWi2Xz17xWw7amDKO2MLtFnVp1WACy7GkVGs+oBlRopVNUzlrGSw1w==",
      "license": "MIT-0",
      "engines": {
        "node": ">=6.0.0"
      }
    }
  }
}
